
Microsoft Visual Studio Solution File, Format Version 12.00
# Visual Studio Version 16
VisualStudioVersion = 16.0.29503.13
MinimumVisualStudioVersion = 10.0.40219.1
Project("{FAE04EC0-301F-11D3-BF4B-00C04F79EFBC}") = "Railway", "Railway\Railway.csproj", "{BACE05EB-C510-4A81-BC59-1649F16024D7}"
EndProject
Global
	GlobalSection(SolutionConfigurationPlatforms) = preSolution
		Debug|Any CPU = Debug|Any CPU
		Release|Any CPU = Release|Any CPU
	EndGlobalSection
	GlobalSection(ProjectConfigurationPlatforms) = postSolution
		{BACE05EB-C510-4A81-BC59-1649F16024D7}.Debug|Any CPU.ActiveCfg = Debug|Any CPU
		{BACE05EB-C510-4A81-BC59-1649F16024D7}.Debug|Any CPU.Build.0 = Debug|Any CPU
		{BACE05EB-C510-4A81-BC59-1649F16024D7}.Release|Any CPU.ActiveCfg = Release|Any CPU
		{BACE05EB-C510-4A81-BC59-1649F16024D7}.Release|Any CPU.Build.0 = Release|Any CPU
	EndGlobalSection
	GlobalSection(SolutionProperties) = preSolution
		HideSolutionNode = FALSE
	EndGlobalSection
	GlobalSection(ExtensibilityGlobals) = postSolution
		SolutionGuid = {5B3514E7-3612-4FF7-B25A-77D531483DF6}
	EndGlobalSection
EndGlobal
